// !$*UTF8*$!
{
	archiveVersion = 1;
	classes = {
	};
	objectVersion = 55;
	objects = {

/* Begin PBXBuildFile section */
		6C10811727DC4DE1007CB7B7 /* LoadedProjectViewController.swift in Sources */ = {isa = PBXBuildFile; fileRef = 6C10811627DC4DE1007CB7B7 /* LoadedProjectViewController.swift */; };
		6CAB8F7627BB4C830008C799 /* CircleView.swift in Sources */ = {isa = PBXBuildFile; fileRef = 6CAB8F7527BB4C830008C799 /* CircleView.swift */; };
		6CBE42AF27BF699400B822AE /* ImagePickerManager.swift in Sources */ = {isa = PBXBuildFile; fileRef = 6CBE42AE27BF699400B822AE /* ImagePickerManager.swift */; };
		6CF18BE627A2446300257E1A /* AppDelegate.swift in Sources */ = {isa = PBXBuildFile; fileRef = 6CF18BE527A2446300257E1A /* AppDelegate.swift */; };
		6CF18BE827A2446300257E1A /* SceneDelegate.swift in Sources */ = {isa = PBXBuildFile; fileRef = 6CF18BE727A2446300257E1A /* SceneDelegate.swift */; };
		6CF18BEA27A2446300257E1A /* ViewController.swift in Sources */ = {isa = PBXBuildFile; fileRef = 6CF18BE927A2446300257E1A /* ViewController.swift */; };
		6CF18BED27A2446300257E1A /* Main.storyboard in Resources */ = {isa = PBXBuildFile; fileRef = 6CF18BEB27A2446300257E1A /* Main.storyboard */; };
		6CF18BEF27A2446700257E1A /* Assets.xcassets in Resources */ = {isa = PBXBuildFile; fileRef = 6CF18BEE27A2446700257E1A /* Assets.xcassets */; };
		6CF18BF227A2446700257E1A /* LaunchScreen.storyboard in Resources */ = {isa = PBXBuildFile; fileRef = 6CF18BF027A2446700257E1A /* LaunchScreen.storyboard */; };
		6CF18BFA27A24B0E00257E1A /* NewProjectViewController.swift in Sources */ = {isa = PBXBuildFile; fileRef = 6CF18BF927A24B0E00257E1A /* NewProjectViewController.swift */; };
		6CF18BFC27A24B5A00257E1A /* SavedProjectsViewController.swift in Sources */ = {isa = PBXBuildFile; fileRef = 6CF18BFB27A24B5A00257E1A /* SavedProjectsViewController.swift */; };
/* End PBXBuildFile section */

/* Begin PBXFileReference section */
		6C10811627DC4DE1007CB7B7 /* LoadedProjectViewController.swift */ = {isa = PBXFileReference; lastKnownFileType = sourcecode.swift; path = LoadedProjectViewController.swift; sourceTree = "<group>"; };
		6CAB8F7527BB4C830008C799 /* CircleView.swift */ = {isa = PBXFileReference; lastKnownFileType = sourcecode.swift; path = CircleView.swift; sourceTree = "<group>"; };
		6CBE42AE27BF699400B822AE /* ImagePickerManager.swift */ = {isa = PBXFileReference; lastKnownFileType = sourcecode.swift; path = ImagePickerManager.swift; sourceTree = "<group>"; };
		6CF18BE227A2446200257E1A /* Capstone.app */ = {isa = PBXFileReference; explicitFileType = wrapper.application; includeInIndex = 0; path = Capstone.app; sourceTree = BUILT_PRODUCTS_DIR; };
		6CF18BE527A2446300257E1A /* AppDelegate.swift */ = {isa = PBXFileReference; lastKnownFileType = sourcecode.swift; path = AppDelegate.swift; sourceTree = "<group>"; };
		6CF18BE727A2446300257E1A /* SceneDelegate.swift */ = {isa = PBXFileReference; lastKnownFileType = sourcecode.swift; path = SceneDelegate.swift; sourceTree = "<group>"; };
		6CF18BE927A2446300257E1A /* ViewController.swift */ = {isa = PBXFileReference; lastKnownFileType = sourcecode.swift; path = ViewController.swift; sourceTree = "<group>"; };
		6CF18BEC27A2446300257E1A /* Base */ = {isa = PBXFileReference; lastKnownFileType = file.storyboard; name = Base; path = Base.lproj/Main.storyboard; sourceTree = "<group>"; };
		6CF18BEE27A2446700257E1A /* Assets.xcassets */ = {isa = PBXFileReference; lastKnownFileType = folder.assetcatalog; path = Assets.xcassets; sourceTree = "<group>"; };
		6CF18BF127A2446700257E1A /* Base */ = {isa = PBXFileReference; lastKnownFileType = file.storyboard; name = Base; path = Base.lproj/LaunchScreen.storyboard; sourceTree = "<group>"; };
		6CF18BF327A2446700257E1A /* Info.plist */ = {isa = PBXFileReference; lastKnownFileType = text.plist.xml; path = Info.plist; sourceTree = "<group>"; };
		6CF18BF927A24B0E00257E1A /* NewProjectViewController.swift */ = {isa = PBXFileReference; lastKnownFileType = sourcecode.swift; path = NewProjectViewController.swift; sourceTree = "<group>"; };
		6CF18BFB27A24B5A00257E1A /* SavedProjectsViewController.swift */ = {isa = PBXFileReference; lastKnownFileType = sourcecode.swift; path = SavedProjectsViewController.swift; sourceTree = "<group>"; };
/* End PBXFileReference section */

/* Begin PBXFrameworksBuildPhase section */
		6CF18BDF27A2446200257E1A /* Frameworks */ = {
			isa = PBXFrameworksBuildPhase;
			buildActionMask = 2147483647;
			files = (
			);
			runOnlyForDeploymentPostprocessing = 0;
		};
/* End PBXFrameworksBuildPhase section */

/* Begin PBXGroup section */
		6CDB632B27B1A08300B08022 /* Views */ = {
			isa = PBXGroup;
			children = (
				6CF18BF927A24B0E00257E1A /* NewProjectViewController.swift */,
				6C10811627DC4DE1007CB7B7 /* LoadedProjectViewController.swift */,
				6CF18BFB27A24B5A00257E1A /* SavedProjectsViewController.swift */,
				6CAB8F7527BB4C830008C799 /* CircleView.swift */,
				6CBE42AE27BF699400B822AE /* ImagePickerManager.swift */,
			);
			path = Views;
			sourceTree = "<group>";
		};
		6CF18BD927A2446200257E1A = {
			isa = PBXGroup;
			children = (
				6CF18BE427A2446300257E1A /* Capstone */,
				6CF18BE327A2446200257E1A /* Products */,
			);
			sourceTree = "<group>";
		};
		6CF18BE327A2446200257E1A /* Products */ = {
			isa = PBXGroup;
			children = (
				6CF18BE227A2446200257E1A /* Capstone.app */,
			);
			name = Products;
			sourceTree = "<group>";
		};
		6CF18BE427A2446300257E1A /* Capstone */ = {
			isa = PBXGroup;
			children = (
				6CF18BE527A2446300257E1A /* AppDelegate.swift */,
				6CF18BE727A2446300257E1A /* SceneDelegate.swift */,
				6CF18BE927A2446300257E1A /* ViewController.swift */,
				6CDB632B27B1A08300B08022 /* Views */,
				6CF18BEB27A2446300257E1A /* Main.storyboard */,
				6CF18BEE27A2446700257E1A /* Assets.xcassets */,
				6CF18BF027A2446700257E1A /* LaunchScreen.storyboard */,
				6CF18BF327A2446700257E1A /* Info.plist */,
			);
			path = Capstone;
			sourceTree = "<group>";
		};
/* End PBXGroup section */

/* Begin PBXNativeTarget section */
		6CF18BE127A2446200257E1A /* Capstone */ = {
			isa = PBXNativeTarget;
			buildConfigurationList = 6CF18BF627A2446700257E1A /* Build configuration list for PBXNativeTarget "Capstone" */;
			buildPhases = (
				6CF18BDE27A2446200257E1A /* Sources */,
				6CF18BDF27A2446200257E1A /* Frameworks */,
				6CF18BE027A2446200257E1A /* Resources */,
			);
			buildRules = (
			);
			dependencies = (
			);
			name = Capstone;
			productName = Capstone;
			productReference = 6CF18BE227A2446200257E1A /* Capstone.app */;
			productType = "com.apple.product-type.application";
		};
/* End PBXNativeTarget section */

/* Begin PBXProject section */
		6CF18BDA27A2446200257E1A /* Project object */ = {
			isa = PBXProject;
			attributes = {
				BuildIndependentTargetsInParallel = 1;
				LastSwiftUpdateCheck = 1320;
				LastUpgradeCheck = 1320;
				TargetAttributes = {
					6CF18BE127A2446200257E1A = {
						CreatedOnToolsVersion = 13.2.1;
					};
				};
			};
			buildConfigurationList = 6CF18BDD27A2446200257E1A /* Build configuration list for PBXProject "Capstone" */;
			compatibilityVersion = "Xcode 13.0";
			developmentRegion = en;
			hasScannedForEncodings = 0;
			knownRegions = (
				en,
				Base,
			);
			mainGroup = 6CF18BD927A2446200257E1A;
			productRefGroup = 6CF18BE327A2446200257E1A /* Products */;
			projectDirPath = "";
			projectRoot = "";
			targets = (
				6CF18BE127A2446200257E1A /* Capstone */,
			);
		};
/* End PBXProject section */

/* Begin PBXResourcesBuildPhase section */
		6CF18BE027A2446200257E1A /* Resources */ = {
			isa = PBXResourcesBuildPhase;
			buildActionMask = 2147483647;
			files = (
				6CF18BF227A2446700257E1A /* LaunchScreen.storyboard in Resources */,
				6CF18BEF27A2446700257E1A /* Assets.xcassets in Resources */,
				6CF18BED27A2446300257E1A /* Main.storyboard in Resources */,
			);
			runOnlyForDeploymentPostprocessing = 0;
		};
/* End PBXResourcesBuildPhase section */

/* Begin PBXSourcesBuildPhase section */
		6CF18BDE27A2446200257E1A /* Sources */ = {
			isa = PBXSourcesBuildPhase;
			buildActionMask = 2147483647;
			files = (
				6CAB8F7627BB4C830008C799 /* CircleView.swift in Sources */,
				6C10811727DC4DE1007CB7B7 /* LoadedProjectViewController.swift in Sources */,
				6CF18BEA27A2446300257E1A /* ViewController.swift in Sources */,
				6CBE42AF27BF699400B822AE /* ImagePickerManager.swift in Sources */,
				6CF18BFC27A24B5A00257E1A /* SavedProjectsViewController.swift in Sources */,
				6CF18BFA27A24B0E00257E1A /* NewProjectViewController.swift in Sources */,
				6CF18BE627A2446300257E1A /* AppDelegate.swift in Sources */,
				6CF18BE827A2446300257E1A /* SceneDelegate.swift in Sources */,
			);
			runOnlyForDeploymentPostprocessing = 0;
		};
/* End PBXSourcesBuildPhase section */

/* Begin PBXVariantGroup section */
		6CF18BEB27A2446300257E1A /* Main.storyboard */ = {
			isa = PBXVariantGroup;
			children = (
				6CF18BEC27A2446300257E1A /* Base */,
			);
			name = Main.storyboard;
			sourceTree = "<group>";
		};
		6CF18BF027A2446700257E1A /* LaunchScreen.storyboard */ = {
			isa = PBXVariantGroup;
			children = (
				6CF18BF127A2446700257E1A /* Base */,
			);
			name = LaunchScreen.storyboard;
			sourceTree = "<group>";
		};
/* End PBXVariantGroup section */

/* Begin XCBuildConfiguration section */
		6CF18BF427A2446700257E1A /* Debug */ = {
			isa = XCBuildConfiguration;
			buildSettings = {
				ALWAYS_SEARCH_USER_PATHS = NO;
				CLANG_ANALYZER_NONNULL = YES;
				CLANG_ANALYZER_NUMBER_OBJECT_CONVERSION = YES_AGGRESSIVE;
				CLANG_CXX_LANGUAGE_STANDARD = "gnu++17";
				CLANG_CXX_LIBRARY = "libc++";
				CLANG_ENABLE_MODULES = YES;
				CLANG_ENABLE_OBJC_ARC = YES;
				CLANG_ENABLE_OBJC_WEAK = YES;
				CLANG_WARN_BLOCK_CAPTURE_AUTORELEASING = YES;
				CLANG_WARN_BOOL_CONVERSION = YES;
				CLANG_WARN_COMMA = YES;
				CLANG_WARN_CONSTANT_CONVERSION = YES;
				CLANG_WARN_DEPRECATED_OBJC_IMPLEMENTATIONS = YES;
				CLANG_WARN_DIRECT_OBJC_ISA_USAGE = YES_ERROR;
				CLANG_WARN_DOCUMENTATION_COMMENTS = YES;
				CLANG_WARN_EMPTY_BODY = YES;
				CLANG_WARN_ENUM_CONVERSION = YES;
				CLANG_WARN_INFINITE_RECURSION = YES;
				CLANG_WARN_INT_CONVERSION = YES;
				CLANG_WARN_NON_LITERAL_NULL_CONVERSION = YES;
				CLANG_WARN_OBJC_IMPLICIT_RETAIN_SELF = YES;
				CLANG_WARN_OBJC_LITERAL_CONVERSION = YES;
				CLANG_WARN_OBJC_ROOT_CLASS = YES_ERROR;
				CLANG_WARN_QUOTED_INCLUDE_IN_FRAMEWORK_HEADER = YES;
				CLANG_WARN_RANGE_LOOP_ANALYSIS = YES;
				CLANG_WARN_STRICT_PROTOTYPES = YES;
				CLANG_WARN_SUSPICIOUS_MOVE = YES;
				CLANG_WARN_UNGUARDED_AVAILABILITY = YES_AGGRESSIVE;
				CLANG_WARN_UNREACHABLE_CODE = YES;
				CLANG_WARN__DUPLICATE_METHOD_MATCH = YES;
				COPY_PHASE_STRIP = NO;
				DEBUG_INFORMATION_FORMAT = dwarf;
				ENABLE_STRICT_OBJC_MSGSEND = YES;
				ENABLE_TESTABILITY = YES;
				GCC_C_LANGUAGE_STANDARD = gnu11;
				GCC_DYNAMIC_NO_PIC = NO;
				GCC_NO_COMMON_BLOCKS = YES;
				GCC_OPTIMIZATION_LEVEL = 0;
				GCC_PREPROCESSOR_DEFINITIONS = (
					"DEBUG=1",
					"$(inherited)",
				);
				GCC_WARN_64_TO_32_BIT_CONVERSION = YES;
				GCC_WARN_ABOUT_RETURN_TYPE = YES_ERROR;
				GCC_WARN_UNDECLARED_SELECTOR = YES;
				GCC_WARN_UNINITIALIZED_AUTOS = YES_AGGRESSIVE;
				GCC_WARN_UNUSED_FUNCTION = YES;
				GCC_WARN_UNUSED_VARIABLE = YES;
				IPHONEOS_DEPLOYMENT_TARGET = 14.0;
				MTL_ENABLE_DEBUG_INFO = INCLUDE_SOURCE;
				MTL_FAST_MATH = YES;
				ONLY_ACTIVE_ARCH = YES;
				SDKROOT = iphoneos;
				SWIFT_ACTIVE_COMPILATION_CONDITIONS = DEBUG;
				SWIFT_OPTIMIZATION_LEVEL = "-Onone";
			};
			name = Debug;
		};
		6CF18BF527A2446700257E1A /* Release */ = {
			isa = XCBuildConfiguration;
			buildSettings = {
				ALWAYS_SEARCH_USER_PATHS = NO;
				CLANG_ANALYZER_NONNULL = YES;
				CLANG_ANALYZER_NUMBER_OBJECT_CONVERSION = YES_AGGRESSIVE;
				CLANG_CXX_LANGUAGE_STANDARD = "gnu++17";
				CLANG_CXX_LIBRARY = "libc++";
				CLANG_ENABLE_MODULES = YES;
				CLANG_ENABLE_OBJC_ARC = YES;
				CLANG_ENABLE_OBJC_WEAK = YES;
				CLANG_WARN_BLOCK_CAPTURE_AUTORELEASING = YES;
				CLANG_WARN_BOOL_CONVERSION = YES;
				CLANG_WARN_COMMA = YES;
				CLANG_WARN_CONSTANT_CONVERSION = YES;
				CLANG_WARN_DEPRECATED_OBJC_IMPLEMENTATIONS = YES;
				CLANG_WARN_DIRECT_OBJC_ISA_USAGE = YES_ERROR;
				CLANG_WARN_DOCUMENTATION_COMMENTS = YES;
				CLANG_WARN_EMPTY_BODY = YES;
				CLANG_WARN_ENUM_CONVERSION = YES;
				CLANG_WARN_INFINITE_RECURSION = YES;
				CLANG_WARN_INT_CONVERSION = YES;
				CLANG_WARN_NON_LITERAL_NULL_CONVERSION = YES;
				CLANG_WARN_OBJC_IMPLICIT_RETAIN_SELF = YES;
				CLANG_WARN_OBJC_LITERAL_CONVERSION = YES;
				CLANG_WARN_OBJC_ROOT_CLASS = YES_ERROR;
				CLANG_WARN_QUOTED_INCLUDE_IN_FRAMEWORK_HEADER = YES;
				CLANG_WARN_RANGE_LOOP_ANALYSIS = YES;
				CLANG_WARN_STRICT_PROTOTYPES = YES;
				CLANG_WARN_SUSPICIOUS_MOVE = YES;
				CLANG_WARN_UNGUARDED_AVAILABILITY = YES_AGGRESSIVE;
				CLANG_WARN_UNREACHABLE_CODE = YES;
				CLANG_WARN__DUPLICATE_METHOD_MATCH = YES;
				COPY_PHASE_STRIP = NO;
				DEBUG_INFORMATION_FORMAT = "dwarf-with-dsym";
				ENABLE_NS_ASSERTIONS = NO;
				ENABLE_STRICT_OBJC_MSGSEND = YES;
				GCC_C_LANGUAGE_STANDARD = gnu11;
				GCC_NO_COMMON_BLOCKS = YES;
				GCC_WARN_64_TO_32_BIT_CONVERSION = YES;
				GCC_WARN_ABOUT_RETURN_TYPE = YES_ERROR;
				GCC_WARN_UNDECLARED_SELECTOR = YES;
				GCC_WARN_UNINITIALIZED_AUTOS = YES_AGGRESSIVE;
				GCC_WARN_UNUSED_FUNCTION = YES;
				GCC_WARN_UNUSED_VARIABLE = YES;
				IPHONEOS_DEPLOYMENT_TARGET = 14.0;
				MTL_ENABLE_DEBUG_INFO = NO;
				MTL_FAST_MATH = YES;
				SDKROOT = iphoneos;
				SWIFT_COMPILATION_MODE = wholemodule;
				SWIFT_OPTIMIZATION_LEVEL = "-O";
				VALIDATE_PRODUCT = YES;
			};
			name = Release;
		};
		6CF18BF727A2446700257E1A /* Debug */ = {
			isa = XCBuildConfiguration;
			buildSettings = {
				ASSETCATALOG_COMPILER_APPICON_NAME = AppIcon;
				ASSETCATALOG_COMPILER_GLOBAL_ACCENT_COLOR_NAME = AccentColor;
				CODE_SIGN_STYLE = Automatic;
				CURRENT_PROJECT_VERSION = 1;
				DEVELOPMENT_TEAM = 22CDHXJ47Y;
				GENERATE_INFOPLIST_FILE = YES;
				INFOPLIST_FILE = Capstone/Info.plist;
				INFOPLIST_KEY_NSCameraUsageDescription = "This app wants to use your camera.";
				INFOPLIST_KEY_NSPhotoLibraryAddUsageDescription = "This app wants to use your photos.";
				INFOPLIST_KEY_NSPhotoLibraryUsageDescription = "This app wants to use your photos.";
				INFOPLIST_KEY_UIApplicationSupportsIndirectInputEvents = YES;
				INFOPLIST_KEY_UILaunchStoryboardName = LaunchScreen;
				INFOPLIST_KEY_UIMainStoryboardFile = Main;
				INFOPLIST_KEY_UISupportedInterfaceOrientations = "UIInterfaceOrientationPortrait UIInterfaceOrientationLandscapeRight UIInterfaceOrientationLandscapeLeft";
				INFOPLIST_KEY_UISupportedInterfaceOrientations_iPad = "UIInterfaceOrientationPortrait UIInterfaceOrientationPortraitUpsideDown UIInterfaceOrientationLandscapeLeft UIInterfaceOrientationLandscapeRight";
				INFOPLIST_KEY_UISupportedInterfaceOrientations_iPhone = "UIInterfaceOrientationPortrait UIInterfaceOrientationLandscapeLeft UIInterfaceOrientationLandscapeRight";
				IPHONEOS_DEPLOYMENT_TARGET = 14.0;
				LD_RUNPATH_SEARCH_PATHS = (
					"$(inherited)",
					"@executable_path/Frameworks",
				);
				MARKETING_VERSION = 1.0;
				PRODUCT_BUNDLE_IDENTIFIER = "Greg-Haaf.Capstone";
				PRODUCT_NAME = "$(TARGET_NAME)";
				SWIFT_EMIT_LOC_STRINGS = YES;
				SWIFT_VERSION = 5.0;
				TARGETED_DEVICE_FAMILY = "1,2";
			};
			name = Debug;
		};
		6CF18BF827A2446700257E1A /* Release */ = {
			isa = XCBuildConfiguration;
			buildSettings = {
				ASSETCATALOG_COMPILER_APPICON_NAME = AppIcon;
				ASSETCATALOG_COMPILER_GLOBAL_ACCENT_COLOR_NAME = AccentColor;
				CODE_SIGN_STYLE = Automatic;
				CURRENT_PROJECT_VERSION = 1;
				DEVELOPMENT_TEAM = 22CDHXJ47Y;
				GENERATE_INFOPLIST_FILE = YES;
				INFOPLIST_FILE = Capstone/Info.plist;
				INFOPLIST_KEY_NSCameraUsageDescription = "This app wants to use your camera.";
				INFOPLIST_KEY_NSPhotoLibraryAddUsageDescription = "This app wants to use your photos.";
				INFOPLIST_KEY_NSPhotoLibraryUsageDescription = "This app wants to use your photos.";
				INFOPLIST_KEY_UIApplicationSupportsIndirectInputEvents = YES;
				INFOPLIST_KEY_UILaunchStoryboardName = LaunchScreen;
				INFOPLIST_KEY_UIMainStoryboardFile = Main;
				INFOPLIST_KEY_UISupportedInterfaceOrientations = "UIInterfaceOrientationPortrait UIInterfaceOrientationLandscapeRight UIInterfaceOrientationLandscapeLeft";
				INFOPLIST_KEY_UISupportedInterfaceOrientations_iPad = "UIInterfaceOrientationPortrait UIInterfaceOrientationPortraitUpsideDown UIInterfaceOrientationLandscapeLeft UIInterfaceOrientationLandscapeRight";
				INFOPLIST_KEY_UISupportedInterfaceOrientations_iPhone = "UIInterfaceOrientationPortrait UIInterfaceOrientationLandscapeLeft UIInterfaceOrientationLandscapeRight";
				IPHONEOS_DEPLOYMENT_TARGET = 14.0;
				LD_RUNPATH_SEARCH_PATHS = (
					"$(inherited)",
					"@executable_path/Frameworks",
				);
				MARKETING_VERSION = 1.0;
				PRODUCT_BUNDLE_IDENTIFIER = "Greg-Haaf.Capstone";
				PRODUCT_NAME = "$(TARGET_NAME)";
				SWIFT_EMIT_LOC_STRINGS = YES;
				SWIFT_VERSION = 5.0;
				TARGETED_DEVICE_FAMILY = "1,2";
			};
			name = Release;
		};
/* End XCBuildConfiguration section */

/* Begin XCConfigurationList section */
		6CF18BDD27A2446200257E1A /* Build configuration list for PBXProject "Capstone" */ = {
			isa = XCConfigurationList;
			buildConfigurations = (
				6CF18BF427A2446700257E1A /* Debug */,
				6CF18BF527A2446700257E1A /* Release */,
			);
			defaultConfigurationIsVisible = 0;
			defaultConfigurationName = Release;
		};
		6CF18BF627A2446700257E1A /* Build configuration list for PBXNativeTarget "Capstone" */ = {
			isa = XCConfigurationList;
			buildConfigurations = (
				6CF18BF727A2446700257E1A /* Debug */,
				6CF18BF827A2446700257E1A /* Release */,
			);
			defaultConfigurationIsVisible = 0;
			defaultConfigurationName = Release;
		};
/* End XCConfigurationList section */
	};
	rootObject = 6CF18BDA27A2446200257E1A /* Project object */;
}
